version = 1
revision = 1
requires-python = ">=3.8"
resolution-markers = [
    "python_full_version >= '3.10'",
    "python_full_version == '3.9.*'",
    "python_full_version < '3.9'",
]

[[package]]
name = "analyzer"
version = "1.0.0"
source = { virtual = "." }
dependencies = [
    { name = "pydub" },
]

[package.dev-dependencies]
dev = [
    { name = "ruff" },
]

[package.metadata]
requires-dist = [{ name = "pydub" }]

[package.metadata.requires-dev]
dev = [{ name = "ruff" }]

[[package]]
name = "pydub"
version = "0.25.1"
source = { registry = "https://pypi.org/simple" }
sdist = { url = "https://files.pythonhosted.org/packages/fe/9a/e6bca0eed82db26562c73b5076539a4a08d3cffd19c3cc5913a3e61145fd/pydub-0.25.1.tar.gz", hash = "sha256:980a33ce9949cab2a569606b65674d748ecbca4f0796887fd6f46173a7b0d30f", size = 38326 }
wheels = [
    { url = "https://files.pythonhosted.org/packages/a6/53/d78dc063216e62fc55f6b2eebb447f6a4b0a59f55c8406376f76bf959b08/pydub-0.25.1-py2.py3-none-any.whl", hash = "sha256:65617e33033874b59d87db603aa1ed450633288aefead953b30bded59cb599a6", size = 32327 },
]

[[package]]
name = "ruff"
version = "0.4.5"
source = { registry = "https://pypi.org/simple" }
sdist = { url = "https://files.pythonhosted.org/packages/8b/ff/50f0c57ebbaf545fb8054b68e16fc8803d75be833542f886cf667f4d68f7/ruff-0.4.5.tar.gz", hash = "sha256:286eabd47e7d4d521d199cab84deca135557e6d1e0f0d01c29e757c3cb151b54", size = 2544366 }
wheels = [
    { url = "https://files.pythonhosted.org/packages/2e/3f/8bad7302f1b64cf8b80ee0b5e6941b406edfd751daf61a568b2167e0bdb7/ruff-0.4.5-py3-none-macosx_10_12_x86_64.whl", hash = "sha256:8f58e615dec58b1a6b291769b559e12fdffb53cc4187160a2fc83250eaf54e96", size = 8544997 },
    { url = "https://files.pythonhosted.org/packages/d8/62/f2a249a724989ff4ad9b5c325480ba34568ac824d24ceb2dece04b4d6514/ruff-0.4.5-py3-none-macosx_11_0_arm64.whl", hash = "sha256:84dd157474e16e3a82745d2afa1016c17d27cb5d52b12e3d45d418bcc6d49264", size = 8152626 },
    { url = "https://files.pythonhosted.org/packages/54/be/d34a38c76afdc1e8a61e80f83a42c1454cb23bc49f4f1dcbb72e67d0d5df/ruff-0.4.5-py3-none-manylinux_2_17_aarch64.manylinux2014_aarch64.whl", hash = "sha256:25f483ad9d50b00e7fd577f6d0305aa18494c6af139bce7319c68a17180087f4", size = 8183289 },
    { url = "https://files.pythonhosted.org/packages/15/4c/ba7d43d85034aa6b019b747dadbb85cfbbf083a7603185997da8bbd7d9a5/ruff-0.4.5-py3-none-manylinux_2_17_armv7l.manylinux2014_armv7l.whl", hash = "sha256:63fde3bf6f3ad4e990357af1d30e8ba2730860a954ea9282c95fc0846f5f64af", size = 7580662 },
    { url = "https://files.pythonhosted.org/packages/1b/4f/4c848a163a86f941dbada3a96b5333d5af91c43a907cf2e5b1a5b411f7e4/ruff-0.4.5-py3-none-manylinux_2_17_i686.manylinux2014_i686.whl", hash = "sha256:78e3ba4620dee27f76bbcad97067766026c918ba0f2d035c2fc25cbdd04d9c97", size = 8771021 },
    { url = "https://files.pythonhosted.org/packages/e0/e7/06d88e55dae256642291bdc83268b0d7d1fcc20d90c0fdfe1e70f9e7012e/ruff-0.4.5-py3-none-manylinux_2_17_ppc64.manylinux2014_ppc64.whl", hash = "sha256:441dab55c568e38d02bbda68a926a3d0b54f5510095c9de7f95e47a39e0168aa", size = 9479696 },
    { url = "https://files.pythonhosted.org/packages/60/1b/b52158056b2923872ccbbb4316349745e4dd12b939a1efa2c7703e23df57/ruff-0.4.5-py3-none-manylinux_2_17_ppc64le.manylinux2014_ppc64le.whl", hash = "sha256:1169e47e9c4136c997f08f9857ae889d614c5035d87d38fda9b44b4338909cdf", size = 9083839 },
    { url = "https://files.pythonhosted.org/packages/98/a5/6c00ea09bdb7c65dd1e2b18d573d85d6de97f2a13a8a8fa6e9f499bd3dd5/ruff-0.4.5-py3-none-manylinux_2_17_s390x.manylinux2014_s390x.whl", hash = "sha256:755ac9ac2598a941512fc36a9070a13c88d72ff874a9781493eb237ab02d75df", size = 10171550 },
    { url = "https://files.pythonhosted.org/packages/d8/ae/aca5966c5017df4ace52a6222d0ca3439a6e0e806771b9e8d95ac9dacfb3/ruff-0.4.5-py3-none-manylinux_2_17_x86_64.manylinux2014_x86_64.whl", hash = "sha256:f4b02a65985be2b34b170025a8b92449088ce61e33e69956ce4d316c0fe7cce0", size = 8799793 },
    { url = "https://files.pythonhosted.org/packages/d0/0d/b761a8443a598f6143776ed08280523206fdfecebad84dd1bd59789d5bcf/ruff-0.4.5-py3-none-musllinux_1_2_aarch64.whl", hash = "sha256:75a426506a183d9201e7e5664de3f6b414ad3850d7625764106f7b6d0486f0a1", size = 8101061 },
    { url = "https://files.pythonhosted.org/packages/9a/7f/2e164eff6e7487e691a204d6495ad0cca8c7d308ff7c20541e7475bc4233/ruff-0.4.5-py3-none-musllinux_1_2_armv7l.whl", hash = "sha256:6e1b139b45e2911419044237d90b60e472f57285950e1492c757dfc88259bb06", size = 7577067 },
    { url = "https://files.pythonhosted.org/packages/36/2a/7cba4513590773402d4d2da00e4d8a08581d08e47ee2e73e253a229d8570/ruff-0.4.5-py3-none-musllinux_1_2_i686.whl", hash = "sha256:a6f29a8221d2e3d85ff0c7b4371c0e37b39c87732c969b4d90f3dad2e721c5b1", size = 8356363 },
    { url = "https://files.pythonhosted.org/packages/fa/a4/06c0c1de9bc6aea17fae51a5fc071edd5897055d5ffd9fa758f2f17f9244/ruff-0.4.5-py3-none-musllinux_1_2_x86_64.whl", hash = "sha256:d6ef817124d72b54cc923f3444828ba24fa45c3164bc9e8f1813db2f3d3a8a11", size = 8850407 },
    { url = "https://files.pythonhosted.org/packages/bf/99/2262ebeed9baf7cb836f9d72118052de9917fd1f1727123b3148572059c3/ruff-0.4.5-py3-none-win32.whl", hash = "sha256:aed8166c18b1a169a5d3ec28a49b43340949e400665555b51ee06f22813ef062", size = 7755124 },
    { url = "https://files.pythonhosted.org/packages/2b/dd/3db4749b710a5ce79cbc16965d902914766bbcefe3c7adc304e5a659f3b9/ruff-0.4.5-py3-none-win_amd64.whl", hash = "sha256:b0b03c619d2b4350b4a27e34fd2ac64d0dabe1afbf43de57d0f9d8a05ecffa45", size = 8534847 },
    { url = "https://files.pythonhosted.org/packages/5f/cb/19c98c126b343bfdbbdd3c392b809c9c355200aade4ef689ca177449708c/ruff-0.4.5-py3-none-win_arm64.whl", hash = "sha256:9d15de3425f53161b3f5a5658d4522e4eee5ea002bf2ac7aa380743dd9ad5fba", size = 7925515 },
]
